{
  "requires": true,
  "lockfileVersion": 1,
  "dependencies": {
    "cliful": {
      "version": "0.0.3",
      "resolved": "https://registry.npmjs.org/cliful/-/cliful-0.0.3.tgz",
      "integrity": "sha512-8PS0sioU/KMpfT1UN/ASPz9kmUc9GMr8ydriISIbQb3RGh2d3nqORL33loitlMCQaRdKJEtqAh8ZXp3D2ye48Q=="
    },
    "wge": {
      "version": "0.0.5",
      "resolved": "https://registry.npmjs.org/wge/-/wge-0.0.5.tgz",
      "integrity": "sha512-eul52LqHNRFMrTfBHvQdbPhM3l0o7eQHnaC3nmCKBpDJZZzBmgHF70yjakmAZIg51oiasF4d1n3dtvYbZA/Vcg=="
    }
  }
}
